{
  "name": "major-project",
  "version": "1.0.0",
  "lockfileVersion": 3,
  "requires": true,
  "packages": {
    "": {
      "name": "major-project",
      "version": "1.0.0",
      "license": "ISC",
      "dependencies": {
        "@nivo/bar": "^0.89.1",
        "@nivo/bump": "^0.89.1",
        "@nivo/line": "^0.89.1",
        "@nivo/pie": "^0.89.1",
        "twilio": "^5.5.2"
      }
    },
    "node_modules/@nivo/annotations": {
      "version": "0.89.1",
      "resolved": "https://registry.npmjs.org/@nivo/annotations/-/annotations-0.89.1.tgz",
      "integrity": "sha512-ow+1hyNszlQX0wrN6KM+4eU+TMDfQr8YXK3ifXabz+I1AhpqLIaPuoZ5pmoGgJuJ/NchgBOgnwczSybVqdE//Q==",
      "license": "MIT",
      "dependencies": {
        "@nivo/colors": "0.89.1",
        "@nivo/core": "0.89.1",
        "@react-spring/web": "9.4.5 || ^9.7.2",
        "lodash": "^4.17.21"
      },
      "peerDependencies": {
        "react": ">= 16.14.0 < 20.0.0"
      }
    },
    "node_modules/@nivo/arcs": {
      "version": "0.89.1",
      "resolved": "https://registry.npmjs.org/@nivo/arcs/-/arcs-0.89.1.tgz",
      "integrity": "sha512-us+D5nq+A8x+iVVAVZTGdYDrnZ4za2p3MFJs9HliOmnqB0n++cG7lqEYB+XszIUSIF3bR4me6L+P1e/V+kS8bQ==",
      "license": "MIT",
      "dependencies": {
        "@nivo/colors": "0.89.1",
        "@nivo/core": "0.89.1",
        "@react-spring/web": "9.4.5 || ^9.7.2",
        "@types/d3-shape": "^3.1.6",
        "d3-shape": "^3.2.0"
      },
      "peerDependencies": {
        "react": ">= 16.14.0 < 20.0.0"
      }
    },
    "node_modules/@nivo/axes": {
      "version": "0.89.1",
      "resolved": "https://registry.npmjs.org/@nivo/axes/-/axes-0.89.1.tgz",
      "integrity": "sha512-W7JFfPKEf2iQKVhtdLpDvh0qfGnGkzoEBkcUS0WoQn6wHI30SVY9H5zzANYbXRXQeh4gqr1AOSc0fD8iEBuomQ==",
      "license": "MIT",
      "dependencies": {
        "@nivo/core": "0.89.1",
        "@nivo/scales": "0.89.0",
        "@react-spring/web": "9.4.5 || ^9.7.2",
        "@types/d3-format": "^1.4.1",
        "@types/d3-time-format": "^2.3.1",
        "d3-format": "^1.4.4",
        "d3-time-format": "^3.0.0"
      },
      "peerDependencies": {
        "react": ">= 16.14.0 < 20.0.0"
      }
    },
    "node_modules/@nivo/bar": {
      "version": "0.89.1",
      "resolved": "https://registry.npmjs.org/@nivo/bar/-/bar-0.89.1.tgz",
      "integrity": "sha512-m3us3fyeaJ/mfn9FbuZCk/RzSwwhG//ZgGv5LiKfJGZ+vcNn/b5HrPUdXrm7TD6xvWWuaU+fhujVvZVpvd/KfQ==",
      "license": "MIT",
      "dependencies": {
        "@nivo/annotations": "0.89.1",
        "@nivo/axes": "0.89.1",
        "@nivo/colors": "0.89.1",
        "@nivo/core": "0.89.1",
        "@nivo/legends": "0.89.1",
        "@nivo/scales": "0.89.0",
        "@nivo/tooltip": "0.89.1",
        "@react-spring/web": "9.4.5 || ^9.7.2",
        "@types/d3-scale": "^4.0.8",
        "@types/d3-shape": "^3.1.6",
        "d3-scale": "^4.0.2",
        "d3-shape": "^3.2.0",
        "lodash": "^4.17.21"
      },
      "peerDependencies": {
        "react": ">= 16.14.0 < 20.0.0"
      }
    },
    "node_modules/@nivo/bump": {
      "version": "0.89.1",
      "resolved": "https://registry.npmjs.org/@nivo/bump/-/bump-0.89.1.tgz",
      "integrity": "sha512-Nk7sEJhNQcslZgkJ5AzI9oGj+APkl0hQTusUfOdOsEJGN5fLVk1WmmH6RF4n409YS9fShe3Pq8hZ6p8erzJoNg==",
      "license": "MIT",
      "dependencies": {
        "@nivo/axes": "0.89.1",
        "@nivo/colors": "0.89.1",
        "@nivo/core": "0.89.1",
        "@nivo/legends": "0.89.1",
        "@nivo/scales": "0.89.0",
        "@nivo/tooltip": "0.89.1",
        "@nivo/voronoi": "0.89.1",
        "@react-spring/web": "9.4.5 || ^9.7.2",
        "@types/d3-scale": "^4.0.8",
        "@types/d3-shape": "^3.1.6",
        "d3-scale": "^4.0.2",
        "d3-shape": "^3.2.0"
      },
      "peerDependencies": {
        "react": ">= 16.14.0 < 20.0.0"
      }
    },
    "node_modules/@nivo/colors": {
      "version": "0.89.1",
      "resolved": "https://registry.npmjs.org/@nivo/colors/-/colors-0.89.1.tgz",
      "integrity": "sha512-B4pCn69EWk+VUVE1JGe7pZ3wYbO5q+8WDZ5GMqcUEXr3y/8qOdW8knFBSxLpyQDTZGx6Ye1tkiyuU+NVAfiKSg==",
      "license": "MIT",
      "dependencies": {
        "@nivo/core": "0.89.1",
        "@types/d3-color": "^3.0.0",
        "@types/d3-scale": "^4.0.8",
        "@types/d3-scale-chromatic": "^3.0.0",
        "d3-color": "^3.1.0",
        "d3-scale": "^4.0.2",
        "d3-scale-chromatic": "^3.0.0",
        "lodash": "^4.17.21"
      },
      "peerDependencies": {
        "react": ">= 16.14.0 < 20.0.0"
      }
    },
    "node_modules/@nivo/core": {
      "version": "0.89.1",
      "resolved": "https://registry.npmjs.org/@nivo/core/-/core-0.89.1.tgz",
      "integrity": "sha512-p64RBfBNMG+yKqvX6SDi6ArvcAKgN03Y7Ek8zzgnqHd/jLmyn8P0S20zfcJXN0TmQvLeb9eYkG2hqZrlwkey7w==",
      "license": "MIT",
      "dependencies": {
        "@nivo/tooltip": "0.89.1",
        "@react-spring/web": "9.4.5 || ^9.7.2",
        "@types/d3-shape": "^3.1.6",
        "d3-color": "^3.1.0",
        "d3-format": "^1.4.4",
        "d3-interpolate": "^3.0.1",
        "d3-scale": "^4.0.2",
        "d3-scale-chromatic": "^3.0.0",
        "d3-shape": "^3.2.0",
        "d3-time-format": "^3.0.0",
        "lodash": "^4.17.21"
      },
      "funding": {
        "type": "opencollective",
        "url": "https://opencollective.com/nivo/donate"
      },
      "peerDependencies": {
        "react": ">= 16.14.0 < 20.0.0"
      }
    },
    "node_modules/@nivo/legends": {
      "version": "0.89.1",
      "resolved": "https://registry.npmjs.org/@nivo/legends/-/legends-0.89.1.tgz",
      "integrity": "sha512-Btd5oLotngoiWlFHwmr2WvxkA9P4+KXQiiIka2ocG+/sNjkwqnvfac4pagB7102A5kD1Z3ndzGKFh1OLiCCOew==",
      "license": "MIT",
      "dependencies": {
        "@nivo/colors": "0.89.1",
        "@nivo/core": "0.89.1",
        "@types/d3-scale": "^4.0.8",
        "d3-scale": "^4.0.2"
      },
      "peerDependencies": {
        "react": ">= 16.14.0 < 20.0.0"
      }
    },
    "node_modules/@nivo/line": {
      "version": "0.89.1",
      "resolved": "https://registry.npmjs.org/@nivo/line/-/line-0.89.1.tgz",
      "integrity": "sha512-8titVkCj39vL2dIaLYA3jSMIUtLftVSc9bbTGy2O95f3wv4irVRuxhPAW2i2cGDeb22jPeqIv6dEhQalmp5gSQ==",
      "license": "MIT",
      "dependencies": {
        "@nivo/annotations": "0.89.1",
        "@nivo/axes": "0.89.1",
        "@nivo/colors": "0.89.1",
        "@nivo/core": "0.89.1",
        "@nivo/legends": "0.89.1",
        "@nivo/scales": "0.89.0",
        "@nivo/tooltip": "0.89.1",
        "@nivo/voronoi": "0.89.1",
        "@react-spring/web": "9.4.5 || ^9.7.2",
        "d3-shape": "^3.2.0"
      },
      "peerDependencies": {
        "react": ">= 16.14.0 < 20.0.0"
      }
    },
    "node_modules/@nivo/pie": {
      "version": "0.89.1",
      "resolved": "https://registry.npmjs.org/@nivo/pie/-/pie-0.89.1.tgz",
      "integrity": "sha512-vkFPjB3wopQdUybjeQNhigyd56ODpf17j3pbxi8CNPxIdqOpy2v0S7DPLr9eM10kZiCQNFvSqxVjNWBQXpdqXw==",
      "license": "MIT",
      "dependencies": {
        "@nivo/arcs": "0.89.1",
        "@nivo/colors": "0.89.1",
        "@nivo/core": "0.89.1",
        "@nivo/legends": "0.89.1",
        "@nivo/tooltip": "0.89.1",
        "@types/d3-shape": "^3.1.6",
        "d3-shape": "^3.2.0"
      },
      "peerDependencies": {
        "react": ">= 16.14.0 < 20.0.0"
      }
    },
    "node_modules/@nivo/scales": {
      "version": "0.89.0",
      "resolved": "https://registry.npmjs.org/@nivo/scales/-/scales-0.89.0.tgz",
      "integrity": "sha512-EVxQNKfd02pximJ/BDKR0BhgS77zDnEfNJNLCaZSB9K4ywpxk8fmdUbHP1dSvWGZA8szbKVNNE3WeSDwdFkhag==",
      "license": "MIT",
      "dependencies": {
        "@types/d3-scale": "^4.0.8",
        "@types/d3-time": "^1.1.1",
        "@types/d3-time-format": "^3.0.0",
        "d3-scale": "^4.0.2",
        "d3-time": "^1.0.11",
        "d3-time-format": "^3.0.0",
        "lodash": "^4.17.21"
      }
    },
    "node_modules/@nivo/scales/node_modules/@types/d3-time-format": {
      "version": "3.0.4",
      "resolved": "https://registry.npmjs.org/@types/d3-time-format/-/d3-time-format-3.0.4.tgz",
      "integrity": "sha512-or9DiDnYI1h38J9hxKEsw513+KVuFbEVhl7qdxcaudoiqWWepapUen+2vAriFGexr6W5+P4l9+HJrB39GG+oRg==",
      "license": "MIT"
    },
    "node_modules/@nivo/tooltip": {
      "version": "0.89.1",
      "resolved": "https://registry.npmjs.org/@nivo/tooltip/-/tooltip-0.89.1.tgz",
      "integrity": "sha512-GUn5a5wHjJ/x+m/B2RwGyfAt0LF4liv1oN1a8zKxgcEkkjqanMgOIoq4z3iLb+bnHG3QnirHOIfsOOgCGqtPnQ==",
      "license": "MIT",
      "dependencies": {
        "@nivo/core": "0.89.1",
        "@react-spring/web": "9.4.5 || ^9.7.2"
      },
      "peerDependencies": {
        "react": ">= 16.14.0 < 20.0.0"
      }
    },
    "node_modules/@nivo/voronoi": {
      "version": "0.89.1",
      "resolved": "https://registry.npmjs.org/@nivo/voronoi/-/voronoi-0.89.1.tgz",
      "integrity": "sha512-y2FuGh4Dk9WFbzK5eMaoYR/MORxJlLVu+DAFQ9RGTv23hO5y3jc6mXJEKUF7kG4BtaaU/cb7s8G34eh1iI/CbA==",
      "license": "MIT",
      "dependencies": {
        "@nivo/core": "0.89.1",
        "@nivo/tooltip": "0.89.1",
        "@types/d3-delaunay": "^6.0.4",
        "@types/d3-scale": "^4.0.8",
        "d3-delaunay": "^6.0.4",
        "d3-scale": "^4.0.2"
      },
      "peerDependencies": {
        "react": ">= 16.14.0 < 20.0.0"
      }
    },
    "node_modules/@react-spring/animated": {
      "version": "9.7.5",
      "resolved": "https://registry.npmjs.org/@react-spring/animated/-/animated-9.7.5.tgz",
      "integrity": "sha512-Tqrwz7pIlsSDITzxoLS3n/v/YCUHQdOIKtOJf4yL6kYVSDTSmVK1LI1Q3M/uu2Sx4X3pIWF3xLUhlsA6SPNTNg==",
      "license": "MIT",
      "dependencies": {
        "@react-spring/shared": "~9.7.5",
        "@react-spring/types": "~9.7.5"
      },
      "peerDependencies": {
        "react": "^16.8.0 || ^17.0.0 || ^18.0.0"
      }
    },
    "node_modules/@react-spring/core": {
      "version": "9.7.5",
      "resolved": "https://registry.npmjs.org/@react-spring/core/-/core-9.7.5.tgz",
      "integrity": "sha512-rmEqcxRcu7dWh7MnCcMXLvrf6/SDlSokLaLTxiPlAYi11nN3B5oiCUAblO72o+9z/87j2uzxa2Inm8UbLjXA+w==",
      "license": "MIT",
      "dependencies": {
        "@react-spring/animated": "~9.7.5",
        "@react-spring/shared": "~9.7.5",
        "@react-spring/types": "~9.7.5"
      },
      "funding": {
        "type": "opencollective",
        "url": "https://opencollective.com/react-spring/donate"
      },
      "peerDependencies": {
        "react": "^16.8.0 || ^17.0.0 || ^18.0.0"
      }
    },
    "node_modules/@react-spring/rafz": {
      "version": "9.7.5",
      "resolved": "https://registry.npmjs.org/@react-spring/rafz/-/rafz-9.7.5.tgz",
      "integrity": "sha512-5ZenDQMC48wjUzPAm1EtwQ5Ot3bLIAwwqP2w2owG5KoNdNHpEJV263nGhCeKKmuA3vG2zLLOdu3or6kuDjA6Aw==",
      "license": "MIT"
    },
    "node_modules/@react-spring/shared": {
      "version": "9.7.5",
      "resolved": "https://registry.npmjs.org/@react-spring/shared/-/shared-9.7.5.tgz",
      "integrity": "sha512-wdtoJrhUeeyD/PP/zo+np2s1Z820Ohr/BbuVYv+3dVLW7WctoiN7std8rISoYoHpUXtbkpesSKuPIw/6U1w1Pw==",
      "license": "MIT",
      "dependencies": {
        "@react-spring/rafz": "~9.7.5",
        "@react-spring/types": "~9.7.5"
      },
      "peerDependencies": {
        "react": "^16.8.0 || ^17.0.0 || ^18.0.0"
      }
    },
    "node_modules/@react-spring/types": {
      "version": "9.7.5",
      "resolved": "https://registry.npmjs.org/@react-spring/types/-/types-9.7.5.tgz",
      "integrity": "sha512-HVj7LrZ4ReHWBimBvu2SKND3cDVUPWKLqRTmWe/fNY6o1owGOX0cAHbdPDTMelgBlVbrTKrre6lFkhqGZErK/g==",
      "license": "MIT"
    },
    "node_modules/@react-spring/web": {
      "version": "9.7.5",
      "resolved": "https://registry.npmjs.org/@react-spring/web/-/web-9.7.5.tgz",
      "integrity": "sha512-lmvqGwpe+CSttsWNZVr+Dg62adtKhauGwLyGE/RRyZ8AAMLgb9x3NDMA5RMElXo+IMyTkPp7nxTB8ZQlmhb6JQ==",
      "license": "MIT",
      "dependencies": {
        "@react-spring/animated": "~9.7.5",
        "@react-spring/core": "~9.7.5",
        "@react-spring/shared": "~9.7.5",
        "@react-spring/types": "~9.7.5"
      },
      "peerDependencies": {
        "react": "^16.8.0 || ^17.0.0 || ^18.0.0",
        "react-dom": "^16.8.0 || ^17.0.0 || ^18.0.0"
      }
    },
    "node_modules/@types/d3-color": {
      "version": "3.1.3",
      "resolved": "https://registry.npmjs.org/@types/d3-color/-/d3-color-3.1.3.tgz",
      "integrity": "sha512-iO90scth9WAbmgv7ogoq57O9YpKmFBbmoEoCHDB2xMBY0+/KVrqAaCDyCE16dUspeOvIxFFRI+0sEtqDqy2b4A==",
      "license": "MIT"
    },
    "node_modules/@types/d3-delaunay": {
      "version": "6.0.4",
      "resolved": "https://registry.npmjs.org/@types/d3-delaunay/-/d3-delaunay-6.0.4.tgz",
      "integrity": "sha512-ZMaSKu4THYCU6sV64Lhg6qjf1orxBthaC161plr5KuPHo3CNm8DTHiLw/5Eq2b6TsNP0W0iJrUOFscY6Q450Hw==",
      "license": "MIT"
    },
    "node_modules/@types/d3-format": {
      "version": "1.4.5",
      "resolved": "https://registry.npmjs.org/@types/d3-format/-/d3-format-1.4.5.tgz",
      "integrity": "sha512-mLxrC1MSWupOSncXN/HOlWUAAIffAEBaI4+PKy2uMPsKe4FNZlk7qrbTjmzJXITQQqBHivaks4Td18azgqnotA==",
      "license": "MIT"
    },
    "node_modules/@types/d3-path": {
      "version": "3.1.1",
      "resolved": "https://registry.npmjs.org/@types/d3-path/-/d3-path-3.1.1.tgz",
      "integrity": "sha512-VMZBYyQvbGmWyWVea0EHs/BwLgxc+MKi1zLDCONksozI4YJMcTt8ZEuIR4Sb1MMTE8MMW49v0IwI5+b7RmfWlg==",
      "license": "MIT"
    },
    "node_modules/@types/d3-scale": {
      "version": "4.0.9",
      "resolved": "https://registry.npmjs.org/@types/d3-scale/-/d3-scale-4.0.9.tgz",
      "integrity": "sha512-dLmtwB8zkAeO/juAMfnV+sItKjlsw2lKdZVVy6LRr0cBmegxSABiLEpGVmSJJ8O08i4+sGR6qQtb6WtuwJdvVw==",
      "license": "MIT",
      "dependencies": {
        "@types/d3-time": "*"
      }
    },
    "node_modules/@types/d3-scale-chromatic": {
      "version": "3.1.0",
      "resolved": "https://registry.npmjs.org/@types/d3-scale-chromatic/-/d3-scale-chromatic-3.1.0.tgz",
      "integrity": "sha512-iWMJgwkK7yTRmWqRB5plb1kadXyQ5Sj8V/zYlFGMUBbIPKQScw+Dku9cAAMgJG+z5GYDoMjWGLVOvjghDEFnKQ==",
      "license": "MIT"
    },
    "node_modules/@types/d3-shape": {
      "version": "3.1.7",
      "resolved": "https://registry.npmjs.org/@types/d3-shape/-/d3-shape-3.1.7.tgz",
      "integrity": "sha512-VLvUQ33C+3J+8p+Daf+nYSOsjB4GXp19/S/aGo60m9h1v6XaxjiT82lKVWJCfzhtuZ3yD7i/TPeC/fuKLLOSmg==",
      "license": "MIT",
      "dependencies": {
        "@types/d3-path": "*"
      }
    },
    "node_modules/@types/d3-time": {
      "version": "1.1.4",
      "resolved": "https://registry.npmjs.org/@types/d3-time/-/d3-time-1.1.4.tgz",
      "integrity": "sha512-JIvy2HjRInE+TXOmIGN5LCmeO0hkFZx5f9FZ7kiN+D+YTcc8pptsiLiuHsvwxwC7VVKmJ2ExHUgNlAiV7vQM9g==",
      "license": "MIT"
    },
    "node_modules/@types/d3-time-format": {
      "version": "2.3.4",
      "resolved": "https://registry.npmjs.org/@types/d3-time-format/-/d3-time-format-2.3.4.tgz",
      "integrity": "sha512-xdDXbpVO74EvadI3UDxjxTdR6QIxm1FKzEA/+F8tL4GWWUg/hgvBqf6chql64U5A9ZUGWo7pEu4eNlyLwbKdhg==",
      "license": "MIT"
    },
    "node_modules/agent-base": {
      "version": "6.0.2",
      "resolved": "https://registry.npmjs.org/agent-base/-/agent-base-6.0.2.tgz",
      "integrity": "sha512-RZNwNclF7+MS/8bDg70amg32dyeZGZxiDuQmZxKLAlQjr3jGyLx+4Kkk58UO7D2QdgFIQCovuSuZESne6RG6XQ==",
      "license": "MIT",
      "dependencies": {
        "debug": "4"
      },
      "engines": {
        "node": ">= 6.0.0"
      }
    },
    "node_modules/asynckit": {
      "version": "0.4.0",
      "resolved": "https://registry.npmjs.org/asynckit/-/asynckit-0.4.0.tgz",
      "integrity": "sha512-Oei9OH4tRh0YqU3GxhX79dM/mwVgvbZJaSNaRk+bshkj0S5cfHcgYakreBjrHwatXKbz+IoIdYLxrKim2MjW0Q==",
      "license": "MIT"
    },
    "node_modules/axios": {
      "version": "1.8.4",
      "resolved": "https://registry.npmjs.org/axios/-/axios-1.8.4.tgz",
      "integrity": "sha512-eBSYY4Y68NNlHbHBMdeDmKNtDgXWhQsJcGqzO3iLUM0GraQFSS9cVgPX5I9b3lbdFKyYoAEGAZF1DwhTaljNAw==",
      "license": "MIT",
      "dependencies": {
        "follow-redirects": "^1.15.6",
        "form-data": "^4.0.0",
        "proxy-from-env": "^1.1.0"
      }
    },
    "node_modules/buffer-equal-constant-time": {
      "version": "1.0.1",
      "resolved": "https://registry.npmjs.org/buffer-equal-constant-time/-/buffer-equal-constant-time-1.0.1.tgz",
      "integrity": "sha512-zRpUiDwd/xk6ADqPMATG8vc9VPrkck7T07OIx0gnjmJAnHnTVXNQG3vfvWNuiZIkwu9KrKdA1iJKfsfTVxE6NA==",
      "license": "BSD-3-Clause"
    },
    "node_modules/call-bind-apply-helpers": {
      "version": "1.0.2",
      "resolved": "https://registry.npmjs.org/call-bind-apply-helpers/-/call-bind-apply-helpers-1.0.2.tgz",
      "integrity": "sha512-Sp1ablJ0ivDkSzjcaJdxEunN5/XvksFJ2sMBFfq6x0ryhQV/2b/KwFe21cMpmHtPOSij8K99/wSfoEuTObmuMQ==",
      "license": "MIT",
      "dependencies": {
        "es-errors": "^1.3.0",
        "function-bind": "^1.1.2"
      },
      "engines": {
        "node": ">= 0.4"
      }
    },
    "node_modules/call-bound": {
      "version": "1.0.4",
      "resolved": "https://registry.npmjs.org/call-bound/-/call-bound-1.0.4.tgz",
      "integrity": "sha512-+ys997U96po4Kx/ABpBCqhA9EuxJaQWDQg7295H4hBphv3IZg0boBKuwYpt4YXp6MZ5AmZQnU/tyMTlRpaSejg==",
      "license": "MIT",
      "dependencies": {
        "call-bind-apply-helpers": "^1.0.2",
        "get-intrinsic": "^1.3.0"
      },
      "engines": {
        "node": ">= 0.4"
      },
      "funding": {
        "url": "https://github.com/sponsors/ljharb"
      }
    },
    "node_modules/combined-stream": {
      "version": "1.0.8",
      "resolved": "https://registry.npmjs.org/combined-stream/-/combined-stream-1.0.8.tgz",
      "integrity": "sha512-FQN4MRfuJeHf7cBbBMJFXhKSDq+2kAArBlmRBvcvFE5BB1HZKXtSFASDhdlz9zOYwxh8lDdnvmMOe/+5cdoEdg==",
      "license": "MIT",
      "dependencies": {
        "delayed-stream": "~1.0.0"
      },
      "engines": {
        "node": ">= 0.8"
      }
    },
    "node_modules/d3-array": {
      "version": "3.2.4",
      "resolved": "https://registry.npmjs.org/d3-array/-/d3-array-3.2.4.tgz",
      "integrity": "sha512-tdQAmyA18i4J7wprpYq8ClcxZy3SC31QMeByyCFyRt7BVHdREQZ5lpzoe5mFEYZUWe+oq8HBvk9JjpibyEV4Jg==",
      "license": "ISC",
      "dependencies": {
        "internmap": "1 - 2"
      },
      "engines": {
        "node": ">=12"
      }
    },
    "node_modules/d3-color": {
      "version": "3.1.0",
      "resolved": "https://registry.npmjs.org/d3-color/-/d3-color-3.1.0.tgz",
      "integrity": "sha512-zg/chbXyeBtMQ1LbD/WSoW2DpC3I0mpmPdW+ynRTj/x2DAWYrIY7qeZIHidozwV24m4iavr15lNwIwLxRmOxhA==",
      "license": "ISC",
      "engines": {
        "node": ">=12"
      }
    },
    "node_modules/d3-delaunay": {
      "version": "6.0.4",
      "resolved": "https://registry.npmjs.org/d3-delaunay/-/d3-delaunay-6.0.4.tgz",
      "integrity": "sha512-mdjtIZ1XLAM8bm/hx3WwjfHt6Sggek7qH043O8KEjDXN40xi3vx/6pYSVTwLjEgiXQTbvaouWKynLBiUZ6SK6A==",
      "license": "ISC",
      "dependencies": {
        "delaunator": "5"
      },
      "engines": {
        "node": ">=12"
      }
    },
    "node_modules/d3-format": {
      "version": "1.4.5",
      "resolved": "https://registry.npmjs.org/d3-format/-/d3-format-1.4.5.tgz",
      "integrity": "sha512-J0piedu6Z8iB6TbIGfZgDzfXxUFN3qQRMofy2oPdXzQibYGqPB/9iMcxr/TGalU+2RsyDO+U4f33id8tbnSRMQ==",
      "license": "BSD-3-Clause"
    },
    "node_modules/d3-interpolate": {
      "version": "3.0.1",
      "resolved": "https://registry.npmjs.org/d3-interpolate/-/d3-interpolate-3.0.1.tgz",
      "integrity": "sha512-3bYs1rOD33uo8aqJfKP3JWPAibgw8Zm2+L9vBKEHJ2Rg+viTR7o5Mmv5mZcieN+FRYaAOWX5SJATX6k1PWz72g==",
      "license": "ISC",
      "dependencies": {
        "d3-color": "1 - 3"
      },
      "engines": {
        "node": ">=12"
      }
    },
    "node_modules/d3-path": {
      "version": "3.1.0",
      "resolved": "https://registry.npmjs.org/d3-path/-/d3-path-3.1.0.tgz",
      "integrity": "sha512-p3KP5HCf/bvjBSSKuXid6Zqijx7wIfNW+J/maPs+iwR35at5JCbLUT0LzF1cnjbCHWhqzQTIN2Jpe8pRebIEFQ==",
      "license": "ISC",
      "engines": {
        "node": ">=12"
      }
    },
    "node_modules/d3-scale": {
      "version": "4.0.2",
      "resolved": "https://registry.npmjs.org/d3-scale/-/d3-scale-4.0.2.tgz",
      "integrity": "sha512-GZW464g1SH7ag3Y7hXjf8RoUuAFIqklOAq3MRl4OaWabTFJY9PN/E1YklhXLh+OQ3fM9yS2nOkCoS+WLZ6kvxQ==",
      "license": "ISC",
      "dependencies": {
        "d3-array": "2.10.0 - 3",
        "d3-format": "1 - 3",
        "d3-interpolate": "1.2.0 - 3",
        "d3-time": "2.1.1 - 3",
        "d3-time-format": "2 - 4"
      },
      "engines": {
        "node": ">=12"
      }
    },
    "node_modules/d3-scale-chromatic": {
      "version": "3.1.0",
      "resolved": "https://registry.npmjs.org/d3-scale-chromatic/-/d3-scale-chromatic-3.1.0.tgz",
      "integrity": "sha512-A3s5PWiZ9YCXFye1o246KoscMWqf8BsD9eRiJ3He7C9OBaxKhAd5TFCdEx/7VbKtxxTsu//1mMJFrEt572cEyQ==",
      "license": "ISC",
      "dependencies": {
        "d3-color": "1 - 3",
        "d3-interpolate": "1 - 3"
      },
      "engines": {
        "node": ">=12"
      }
    },
    "node_modules/d3-scale/node_modules/d3-time": {
      "version": "3.1.0",
      "resolved": "https://registry.npmjs.org/d3-time/-/d3-time-3.1.0.tgz",
      "integrity": "sha512-VqKjzBLejbSMT4IgbmVgDjpkYrNWUYJnbCGo874u7MMKIWsILRX+OpX/gTk8MqjpT1A/c6HY2dCA77ZN0lkQ2Q==",
      "license": "ISC",
      "dependencies": {
        "d3-array": "2 - 3"
      },
      "engines": {
        "node": ">=12"
      }
    },
    "node_modules/d3-shape": {
      "version": "3.2.0",
      "resolved": "https://registry.npmjs.org/d3-shape/-/d3-shape-3.2.0.tgz",
      "integrity": "sha512-SaLBuwGm3MOViRq2ABk3eLoxwZELpH6zhl3FbAoJ7Vm1gofKx6El1Ib5z23NUEhF9AsGl7y+dzLe5Cw2AArGTA==",
      "license": "ISC",
      "dependencies": {
        "d3-path": "^3.1.0"
      },
      "engines": {
        "node": ">=12"
      }
    },
    "node_modules/d3-time": {
      "version": "1.1.0",
      "resolved": "https://registry.npmjs.org/d3-time/-/d3-time-1.1.0.tgz",
      "integrity": "sha512-Xh0isrZ5rPYYdqhAVk8VLnMEidhz5aP7htAADH6MfzgmmicPkTo8LhkLxci61/lCB7n7UmE3bN0leRt+qvkLxA==",
      "license": "BSD-3-Clause"
    },
    "node_modules/d3-time-format": {
      "version": "3.0.0",
      "resolved": "https://registry.npmjs.org/d3-time-format/-/d3-time-format-3.0.0.tgz",
      "integrity": "sha512-UXJh6EKsHBTjopVqZBhFysQcoXSv/5yLONZvkQ5Kk3qbwiUYkdX17Xa1PT6U1ZWXGGfB1ey5L8dKMlFq2DO0Ag==",
      "license": "BSD-3-Clause",
      "dependencies": {
        "d3-time": "1 - 2"
      }
    },
    "node_modules/dayjs": {
      "version": "1.11.13",
      "resolved": "https://registry.npmjs.org/dayjs/-/dayjs-1.11.13.tgz",
      "integrity": "sha512-oaMBel6gjolK862uaPQOVTA7q3TZhuSvuMQAAglQDOWYO9A91IrAOUJEyKVlqJlHE0vq5p5UXxzdPfMH/x6xNg==",
      "license": "MIT"
    },
    "node_modules/debug": {
      "version": "4.4.0",
      "resolved": "https://registry.npmjs.org/debug/-/debug-4.4.0.tgz",
      "integrity": "sha512-6WTZ/IxCY/T6BALoZHaE4ctp9xm+Z5kY/pzYaCHRFeyVhojxlrm+46y68HA6hr0TcwEssoxNiDEUJQjfPZ/RYA==",
      "license": "MIT",
      "dependencies": {
        "ms": "^2.1.3"
      },
      "engines": {
        "node": ">=6.0"
      },
      "peerDependenciesMeta": {
        "supports-color": {
          "optional": true
        }
      }
    },
    "node_modules/delaunator": {
      "version": "5.0.1",
      "resolved": "https://registry.npmjs.org/delaunator/-/delaunator-5.0.1.tgz",
      "integrity": "sha512-8nvh+XBe96aCESrGOqMp/84b13H9cdKbG5P2ejQCh4d4sK9RL4371qou9drQjMhvnPmhWl5hnmqbEE0fXr9Xnw==",
      "license": "ISC",
      "dependencies": {
        "robust-predicates": "^3.0.2"
      }
    },
    "node_modules/delayed-stream": {
      "version": "1.0.0",
      "resolved": "https://registry.npmjs.org/delayed-stream/-/delayed-stream-1.0.0.tgz",
      "integrity": "sha512-ZySD7Nf91aLB0RxL4KGrKHBXl7Eds1DAmEdcoVawXnLD7SDhpNgtuII2aAkg7a7QS41jxPSZ17p4VdGnMHk3MQ==",
      "license": "MIT",
      "engines": {
        "node": ">=0.4.0"
      }
    },
    "node_modules/dunder-proto": {
      "version": "1.0.1",
      "resolved": "https://registry.npmjs.org/dunder-proto/-/dunder-proto-1.0.1.tgz",
      "integrity": "sha512-KIN/nDJBQRcXw0MLVhZE9iQHmG68qAVIBg9CqmUYjmQIhgij9U5MFvrqkUL5FbtyyzZuOeOt0zdeRe4UY7ct+A==",
      "license": "MIT",
      "dependencies": {
        "call-bind-apply-helpers": "^1.0.1",
        "es-errors": "^1.3.0",
        "gopd": "^1.2.0"
      },
      "engines": {
        "node": ">= 0.4"
      }
    },
    "node_modules/ecdsa-sig-formatter": {
      "version": "1.0.11",
      "resolved": "https://registry.npmjs.org/ecdsa-sig-formatter/-/ecdsa-sig-formatter-1.0.11.tgz",
      "integrity": "sha512-nagl3RYrbNv6kQkeJIpt6NJZy8twLB/2vtz6yN9Z4vRKHN4/QZJIEbqohALSgwKdnksuY3k5Addp5lg8sVoVcQ==",
      "license": "Apache-2.0",
      "dependencies": {
        "safe-buffer": "^5.0.1"
      }
    },
    "node_modules/es-define-property": {
      "version": "1.0.1",
      "resolved": "https://registry.npmjs.org/es-define-property/-/es-define-property-1.0.1.tgz",
      "integrity": "sha512-e3nRfgfUZ4rNGL232gUgX06QNyyez04KdjFrF+LTRoOXmrOgFKDg4BCdsjW8EnT69eqdYGmRpJwiPVYNrCaW3g==",
      "license": "MIT",
      "engines": {
        "node": ">= 0.4"
      }
    },
    "node_modules/es-errors": {
      "version": "1.3.0",
      "resolved": "https://registry.npmjs.org/es-errors/-/es-errors-1.3.0.tgz",
      "integrity": "sha512-Zf5H2Kxt2xjTvbJvP2ZWLEICxA6j+hAmMzIlypy4xcBg1vKVnx89Wy0GbS+kf5cwCVFFzdCFh2XSCFNULS6csw==",
      "license": "MIT",
      "engines": {
        "node": ">= 0.4"
      }
    },
    "node_modules/es-object-atoms": {
      "version": "1.1.1",
      "resolved": "https://registry.npmjs.org/es-object-atoms/-/es-object-atoms-1.1.1.tgz",
      "integrity": "sha512-FGgH2h8zKNim9ljj7dankFPcICIK9Cp5bm+c2gQSYePhpaG5+esrLODihIorn+Pe6FGJzWhXQotPv73jTaldXA==",
      "license": "MIT",
      "dependencies": {
        "es-errors": "^1.3.0"
      },
      "engines": {
        "node": ">= 0.4"
      }
    },
    "node_modules/es-set-tostringtag": {
      "version": "2.1.0",
      "resolved": "https://registry.npmjs.org/es-set-tostringtag/-/es-set-tostringtag-2.1.0.tgz",
      "integrity": "sha512-j6vWzfrGVfyXxge+O0x5sh6cvxAog0a/4Rdd2K36zCMV5eJ+/+tOAngRO8cODMNWbVRdVlmGZQL2YS3yR8bIUA==",
      "license": "MIT",
      "dependencies": {
        "es-errors": "^1.3.0",
        "get-intrinsic": "^1.2.6",
        "has-tostringtag": "^1.0.2",
        "hasown": "^2.0.2"
      },
      "engines": {
        "node": ">= 0.4"
      }
    },
    "node_modules/follow-redirects": {
      "version": "1.15.9",
      "resolved": "https://registry.npmjs.org/follow-redirects/-/follow-redirects-1.15.9.tgz",
      "integrity": "sha512-gew4GsXizNgdoRyqmyfMHyAmXsZDk6mHkSxZFCzW9gwlbtOW44CDtYavM+y+72qD/Vq2l550kMF52DT8fOLJqQ==",
      "funding": [
        {
          "type": "individual",
          "url": "https://github.com/sponsors/RubenVerborgh"
        }
      ],
      "license": "MIT",
      "engines": {
        "node": ">=4.0"
      },
      "peerDependenciesMeta": {
        "debug": {
          "optional": true
        }
      }
    },
    "node_modules/form-data": {
      "version": "4.0.2",
      "resolved": "https://registry.npmjs.org/form-data/-/form-data-4.0.2.tgz",
      "integrity": "sha512-hGfm/slu0ZabnNt4oaRZ6uREyfCj6P4fT/n6A1rGV+Z0VdGXjfOhVUpkn6qVQONHGIFwmveGXyDs75+nr6FM8w==",
      "license": "MIT",
      "dependencies": {
        "asynckit": "^0.4.0",
        "combined-stream": "^1.0.8",
        "es-set-tostringtag": "^2.1.0",
        "mime-types": "^2.1.12"
      },
      "engines": {
        "node": ">= 6"
      }
    },
    "node_modules/function-bind": {
      "version": "1.1.2",
      "resolved": "https://registry.npmjs.org/function-bind/-/function-bind-1.1.2.tgz",
      "integrity": "sha512-7XHNxH7qX9xG5mIwxkhumTox/MIRNcOgDrxWsMt2pAr23WHp6MrRlN7FBSFpCpr+oVO0F744iUgR82nJMfG2SA==",
      "license": "MIT",
      "funding": {
        "url": "https://github.com/sponsors/ljharb"
      }
    },
    "node_modules/get-intrinsic": {
      "version": "1.3.0",
      "resolved": "https://registry.npmjs.org/get-intrinsic/-/get-intrinsic-1.3.0.tgz",
      "integrity": "sha512-9fSjSaos/fRIVIp+xSJlE6lfwhES7LNtKaCBIamHsjr2na1BiABJPo0mOjjz8GJDURarmCPGqaiVg5mfjb98CQ==",
      "license": "MIT",
      "dependencies": {
        "call-bind-apply-helpers": "^1.0.2",
        "es-define-property": "^1.0.1",
        "es-errors": "^1.3.0",
        "es-object-atoms": "^1.1.1",
        "function-bind": "^1.1.2",
        "get-proto": "^1.0.1",
        "gopd": "^1.2.0",
        "has-symbols": "^1.1.0",
        "hasown": "^2.0.2",
        "math-intrinsics": "^1.1.0"
      },
      "engines": {
        "node": ">= 0.4"
      },
      "funding": {
        "url": "https://github.com/sponsors/ljharb"
      }
    },
    "node_modules/get-proto": {
      "version": "1.0.1",
      "resolved": "https://registry.npmjs.org/get-proto/-/get-proto-1.0.1.tgz",
      "integrity": "sha512-sTSfBjoXBp89JvIKIefqw7U2CCebsc74kiY6awiGogKtoSGbgjYE/G/+l9sF3MWFPNc9IcoOC4ODfKHfxFmp0g==",
      "license": "MIT",
      "dependencies": {
        "dunder-proto": "^1.0.1",
        "es-object-atoms": "^1.0.0"
      },
      "engines": {
        "node": ">= 0.4"
      }
    },
    "node_modules/gopd": {
      "version": "1.2.0",
      "resolved": "https://registry.npmjs.org/gopd/-/gopd-1.2.0.tgz",
      "integrity": "sha512-ZUKRh6/kUFoAiTAtTYPZJ3hw9wNxx+BIBOijnlG9PnrJsCcSjs1wyyD6vJpaYtgnzDrKYRSqf3OO6Rfa93xsRg==",
      "license": "MIT",
      "engines": {
        "node": ">= 0.4"
      },
      "funding": {
        "url": "https://github.com/sponsors/ljharb"
      }
    },
    "node_modules/has-symbols": {
      "version": "1.1.0",
      "resolved": "https://registry.npmjs.org/has-symbols/-/has-symbols-1.1.0.tgz",
      "integrity": "sha512-1cDNdwJ2Jaohmb3sg4OmKaMBwuC48sYni5HUw2DvsC8LjGTLK9h+eb1X6RyuOHe4hT0ULCW68iomhjUoKUqlPQ==",
      "license": "MIT",
      "engines": {
        "node": ">= 0.4"
      },
      "funding": {
        "url": "https://github.com/sponsors/ljharb"
      }
    },
    "node_modules/has-tostringtag": {
      "version": "1.0.2",
      "resolved": "https://registry.npmjs.org/has-tostringtag/-/has-tostringtag-1.0.2.tgz",
      "integrity": "sha512-NqADB8VjPFLM2V0VvHUewwwsw0ZWBaIdgo+ieHtK3hasLz4qeCRjYcqfB6AQrBggRKppKF8L52/VqdVsO47Dlw==",
      "license": "MIT",
      "dependencies": {
        "has-symbols": "^1.0.3"
      },
      "engines": {
        "node": ">= 0.4"
      },
      "funding": {
        "url": "https://github.com/sponsors/ljharb"
      }
    },
    "node_modules/hasown": {
      "version": "2.0.2",
      "resolved": "https://registry.npmjs.org/hasown/-/hasown-2.0.2.tgz",
      "integrity": "sha512-0hJU9SCPvmMzIBdZFqNPXWa6dqh7WdH0cII9y+CyS8rG3nL48Bclra9HmKhVVUHyPWNH5Y7xDwAB7bfgSjkUMQ==",
      "license": "MIT",
      "dependencies": {
        "function-bind": "^1.1.2"
      },
      "engines": {
        "node": ">= 0.4"
      }
    },
    "node_modules/https-proxy-agent": {
      "version": "5.0.1",
      "resolved": "https://registry.npmjs.org/https-proxy-agent/-/https-proxy-agent-5.0.1.tgz",
      "integrity": "sha512-dFcAjpTQFgoLMzC2VwU+C/CbS7uRL0lWmxDITmqm7C+7F0Odmj6s9l6alZc6AELXhrnggM2CeWSXHGOdX2YtwA==",
      "license": "MIT",
      "dependencies": {
        "agent-base": "6",
        "debug": "4"
      },
      "engines": {
        "node": ">= 6"
      }
    },
    "node_modules/internmap": {
      "version": "2.0.3",
      "resolved": "https://registry.npmjs.org/internmap/-/internmap-2.0.3.tgz",
      "integrity": "sha512-5Hh7Y1wQbvY5ooGgPbDaL5iYLAPzMTUrjMulskHLH6wnv/A+1q5rgEaiuqEjB+oxGXIVZs1FF+R/KPN3ZSQYYg==",
      "license": "ISC",
      "engines": {
        "node": ">=12"
      }
    },
    "node_modules/js-tokens": {
      "version": "4.0.0",
      "resolved": "https://registry.npmjs.org/js-tokens/-/js-tokens-4.0.0.tgz",
      "integrity": "sha512-RdJUflcE3cUzKiMqQgsCu06FPu9UdIJO0beYbPhHN4k6apgJtifcoCtT9bcxOpYBtpD2kCM6Sbzg4CausW/PKQ==",
      "license": "MIT",
      "peer": true
    },
    "node_modules/jsonwebtoken": {
      "version": "9.0.2",
      "resolved": "https://registry.npmjs.org/jsonwebtoken/-/jsonwebtoken-9.0.2.tgz",
      "integrity": "sha512-PRp66vJ865SSqOlgqS8hujT5U4AOgMfhrwYIuIhfKaoSCZcirrmASQr8CX7cUg+RMih+hgznrjp99o+W4pJLHQ==",
      "license": "MIT",
      "dependencies": {
        "jws": "^3.2.2",
        "lodash.includes": "^4.3.0",
        "lodash.isboolean": "^3.0.3",
        "lodash.isinteger": "^4.0.4",
        "lodash.isnumber": "^3.0.3",
        "lodash.isplainobject": "^4.0.6",
        "lodash.isstring": "^4.0.1",
        "lodash.once": "^4.0.0",
        "ms": "^2.1.1",
        "semver": "^7.5.4"
      },
      "engines": {
        "node": ">=12",
        "npm": ">=6"
      }
    },
    "node_modules/jwa": {
      "version": "1.4.1",
      "resolved": "https://registry.npmjs.org/jwa/-/jwa-1.4.1.tgz",
      "integrity": "sha512-qiLX/xhEEFKUAJ6FiBMbes3w9ATzyk5W7Hvzpa/SLYdxNtng+gcurvrI7TbACjIXlsJyr05/S1oUhZrc63evQA==",
      "license": "MIT",
      "dependencies": {
        "buffer-equal-constant-time": "1.0.1",
        "ecdsa-sig-formatter": "1.0.11",
        "safe-buffer": "^5.0.1"
      }
    },
    "node_modules/jws": {
      "version": "3.2.2",
      "resolved": "https://registry.npmjs.org/jws/-/jws-3.2.2.tgz",
      "integrity": "sha512-YHlZCB6lMTllWDtSPHz/ZXTsi8S00usEV6v1tjq8tOUZzw7DpSDWVXjXDre6ed1w/pd495ODpHZYSdkRTsa0HA==",
      "license": "MIT",
      "dependencies": {
        "jwa": "^1.4.1",
        "safe-buffer": "^5.0.1"
      }
    },
    "node_modules/lodash": {
      "version": "4.17.21",
      "resolved": "https://registry.npmjs.org/lodash/-/lodash-4.17.21.tgz",
      "integrity": "sha512-v2kDEe57lecTulaDIuNTPy3Ry4gLGJ6Z1O3vE1krgXZNrsQ+LFTGHVxVjcXPs17LhbZVGedAJv8XZ1tvj5FvSg==",
      "license": "MIT"
    },
    "node_modules/lodash.includes": {
      "version": "4.3.0",
      "resolved": "https://registry.npmjs.org/lodash.includes/-/lodash.includes-4.3.0.tgz",
      "integrity": "sha512-W3Bx6mdkRTGtlJISOvVD/lbqjTlPPUDTMnlXZFnVwi9NKJ6tiAk6LVdlhZMm17VZisqhKcgzpO5Wz91PCt5b0w==",
      "license": "MIT"
    },
    "node_modules/lodash.isboolean": {
      "version": "3.0.3",
      "resolved": "https://registry.npmjs.org/lodash.isboolean/-/lodash.isboolean-3.0.3.tgz",
      "integrity": "sha512-Bz5mupy2SVbPHURB98VAcw+aHh4vRV5IPNhILUCsOzRmsTmSQ17jIuqopAentWoehktxGd9e/hbIXq980/1QJg==",
      "license": "MIT"
    },
    "node_modules/lodash.isinteger": {
      "version": "4.0.4",
      "resolved": "https://registry.npmjs.org/lodash.isinteger/-/lodash.isinteger-4.0.4.tgz",
      "integrity": "sha512-DBwtEWN2caHQ9/imiNeEA5ys1JoRtRfY3d7V9wkqtbycnAmTvRRmbHKDV4a0EYc678/dia0jrte4tjYwVBaZUA==",
      "license": "MIT"
    },
    "node_modules/lodash.isnumber": {
      "version": "3.0.3",
      "resolved": "https://registry.npmjs.org/lodash.isnumber/-/lodash.isnumber-3.0.3.tgz",
      "integrity": "sha512-QYqzpfwO3/CWf3XP+Z+tkQsfaLL/EnUlXWVkIk5FUPc4sBdTehEqZONuyRt2P67PXAk+NXmTBcc97zw9t1FQrw==",
      "license": "MIT"
    },
    "node_modules/lodash.isplainobject": {
      "version": "4.0.6",
      "resolved": "https://registry.npmjs.org/lodash.isplainobject/-/lodash.isplainobject-4.0.6.tgz",
      "integrity": "sha512-oSXzaWypCMHkPC3NvBEaPHf0KsA5mvPrOPgQWDsbg8n7orZ290M0BmC/jgRZ4vcJ6DTAhjrsSYgdsW/F+MFOBA==",
      "license": "MIT"
    },
    "node_modules/lodash.isstring": {
      "version": "4.0.1",
      "resolved": "https://registry.npmjs.org/lodash.isstring/-/lodash.isstring-4.0.1.tgz",
      "integrity": "sha512-0wJxfxH1wgO3GrbuP+dTTk7op+6L41QCXbGINEmD+ny/G/eCqGzxyCsh7159S+mgDDcoarnBw6PC1PS5+wUGgw==",
      "license": "MIT"
    },
    "node_modules/lodash.once": {
      "version": "4.1.1",
      "resolved": "https://registry.npmjs.org/lodash.once/-/lodash.once-4.1.1.tgz",
      "integrity": "sha512-Sb487aTOCr9drQVL8pIxOzVhafOjZN9UU54hiN8PU3uAiSV7lx1yYNpbNmex2PK6dSJoNTSJUUswT651yww3Mg==",
      "license": "MIT"
    },
    "node_modules/loose-envify": {
      "version": "1.4.0",
      "resolved": "https://registry.npmjs.org/loose-envify/-/loose-envify-1.4.0.tgz",
      "integrity": "sha512-lyuxPGr/Wfhrlem2CL/UcnUc1zcqKAImBDzukY7Y5F/yQiNdko6+fRLevlw1HgMySw7f611UIY408EtxRSoK3Q==",
      "license": "MIT",
      "peer": true,
      "dependencies": {
        "js-tokens": "^3.0.0 || ^4.0.0"
      },
      "bin": {
        "loose-envify": "cli.js"
      }
    },
    "node_modules/math-intrinsics": {
      "version": "1.1.0",
      "resolved": "https://registry.npmjs.org/math-intrinsics/-/math-intrinsics-1.1.0.tgz",
      "integrity": "sha512-/IXtbwEk5HTPyEwyKX6hGkYXxM9nbj64B+ilVJnC/R6B0pH5G4V3b0pVbL7DBj4tkhBAppbQUlf6F6Xl9LHu1g==",
      "license": "MIT",
      "engines": {
        "node": ">= 0.4"
      }
    },
    "node_modules/mime-db": {
      "version": "1.52.0",
      "resolved": "https://registry.npmjs.org/mime-db/-/mime-db-1.52.0.tgz",
      "integrity": "sha512-sPU4uV7dYlvtWJxwwxHD0PuihVNiE7TyAbQ5SWxDCB9mUYvOgroQOwYQQOKPJ8CIbE+1ETVlOoK1UC2nU3gYvg==",
      "license": "MIT",
      "engines": {
        "node": ">= 0.6"
      }
    },
    "node_modules/mime-types": {
      "version": "2.1.35",
      "resolved": "https://registry.npmjs.org/mime-types/-/mime-types-2.1.35.tgz",
      "integrity": "sha512-ZDY+bPm5zTTF+YpCrAU9nK0UgICYPT0QtT1NZWFv4s++TNkcgVaT0g6+4R2uI4MjQjzysHB1zxuWL50hzaeXiw==",
      "license": "MIT",
      "dependencies": {
        "mime-db": "1.52.0"
      },
      "engines": {
        "node": ">= 0.6"
      }
    },
    "node_modules/ms": {
      "version": "2.1.3",
      "resolved": "https://registry.npmjs.org/ms/-/ms-2.1.3.tgz",
      "integrity": "sha512-6FlzubTLZG3J2a/NVCAleEhjzq5oxgHyaCU9yYXvcLsvoVaHJq/s5xXI6/XXP6tz7R9xAOtHnSO/tXtF3WRTlA==",
      "license": "MIT"
    },
    "node_modules/object-inspect": {
      "version": "1.13.4",
      "resolved": "https://registry.npmjs.org/object-inspect/-/object-inspect-1.13.4.tgz",
      "integrity": "sha512-W67iLl4J2EXEGTbfeHCffrjDfitvLANg0UlX3wFUUSTx92KXRFegMHUVgSqE+wvhAbi4WqjGg9czysTV2Epbew==",
      "license": "MIT",
      "engines": {
        "node": ">= 0.4"
      },
      "funding": {
        "url": "https://github.com/sponsors/ljharb"
      }
    },
    "node_modules/proxy-from-env": {
      "version": "1.1.0",
      "resolved": "https://registry.npmjs.org/proxy-from-env/-/proxy-from-env-1.1.0.tgz",
      "integrity": "sha512-D+zkORCbA9f1tdWRK0RaCR3GPv50cMxcrz4X8k5LTSUD1Dkw47mKJEZQNunItRTkWwgtaUSo1RVFRIG9ZXiFYg==",
      "license": "MIT"
    },
    "node_modules/qs": {
      "version": "6.14.0",
      "resolved": "https://registry.npmjs.org/qs/-/qs-6.14.0.tgz",
      "integrity": "sha512-YWWTjgABSKcvs/nWBi9PycY/JiPJqOD4JA6o9Sej2AtvSGarXxKC3OQSk4pAarbdQlKAh5D4FCQkJNkW+GAn3w==",
      "license": "BSD-3-Clause",
      "dependencies": {
        "side-channel": "^1.1.0"
      },
      "engines": {
        "node": ">=0.6"
      },
      "funding": {
        "url": "https://github.com/sponsors/ljharb"
      }
    },
    "node_modules/react": {
      "version": "18.3.1",
      "resolved": "https://registry.npmjs.org/react/-/react-18.3.1.tgz",
      "integrity": "sha512-wS+hAgJShR0KhEvPJArfuPVN1+Hz1t0Y6n5jLrGQbkb4urgPE/0Rve+1kMB1v/oWgHgm4WIcV+i7F2pTVj+2iQ==",
      "license": "MIT",
      "peer": true,
      "dependencies": {
        "loose-envify": "^1.1.0"
      },
      "engines": {
        "node": ">=0.10.0"
      }
    },
    "node_modules/react-dom": {
      "version": "18.3.1",
      "resolved": "https://registry.npmjs.org/react-dom/-/react-dom-18.3.1.tgz",
      "integrity": "sha512-5m4nQKp+rZRb09LNH59GM4BxTh9251/ylbKIbpe7TpGxfJ+9kv6BLkLBXIjjspbgbnIBNqlI23tRnTWT0snUIw==",
      "license": "MIT",
      "peer": true,
      "dependencies": {
        "loose-envify": "^1.1.0",
        "scheduler": "^0.23.2"
      },
      "peerDependencies": {
        "react": "^18.3.1"
      }
    },
    "node_modules/robust-predicates": {
      "version": "3.0.2",
      "resolved": "https://registry.npmjs.org/robust-predicates/-/robust-predicates-3.0.2.tgz",
      "integrity": "sha512-IXgzBWvWQwE6PrDI05OvmXUIruQTcoMDzRsOd5CDvHCVLcLHMTSYvOK5Cm46kWqlV3yAbuSpBZdJ5oP5OUoStg==",
      "license": "Unlicense"
    },
    "node_modules/safe-buffer": {
      "version": "5.2.1",
      "resolved": "https://registry.npmjs.org/safe-buffer/-/safe-buffer-5.2.1.tgz",
      "integrity": "sha512-rp3So07KcdmmKbGvgaNxQSJr7bGVSVk5S9Eq1F+ppbRo70+YeaDxkw5Dd8NPN+GD6bjnYm2VuPuCXmpuYvmCXQ==",
      "funding": [
        {
          "type": "github",
          "url": "https://github.com/sponsors/feross"
        },
        {
          "type": "patreon",
          "url": "https://www.patreon.com/feross"
        },
        {
          "type": "consulting",
          "url": "https://feross.org/support"
        }
      ],
      "license": "MIT"
    },
    "node_modules/scheduler": {
      "version": "0.23.2",
      "resolved": "https://registry.npmjs.org/scheduler/-/scheduler-0.23.2.tgz",
      "integrity": "sha512-UOShsPwz7NrMUqhR6t0hWjFduvOzbtv7toDH1/hIrfRNIDBnnBWd0CwJTGvTpngVlmwGCdP9/Zl/tVrDqcuYzQ==",
      "license": "MIT",
      "peer": true,
      "dependencies": {
        "loose-envify": "^1.1.0"
      }
    },
    "node_modules/scmp": {
      "version": "2.1.0",
      "resolved": "https://registry.npmjs.org/scmp/-/scmp-2.1.0.tgz",
      "integrity": "sha512-o/mRQGk9Rcer/jEEw/yw4mwo3EU/NvYvp577/Btqrym9Qy5/MdWGBqipbALgd2lrdWTJ5/gqDusxfnQBxOxT2Q==",
      "license": "BSD-3-Clause"
    },
    "node_modules/semver": {
      "version": "7.7.1",
      "resolved": "https://registry.npmjs.org/semver/-/semver-7.7.1.tgz",
      "integrity": "sha512-hlq8tAfn0m/61p4BVRcPzIGr6LKiMwo4VM6dGi6pt4qcRkmNzTcWq6eCEjEh+qXjkMDvPlOFFSGwQjoEa6gyMA==",
      "license": "ISC",
      "bin": {
        "semver": "bin/semver.js"
      },
      "engines": {
        "node": ">=10"
      }
    },
    "node_modules/side-channel": {
      "version": "1.1.0",
      "resolved": "https://registry.npmjs.org/side-channel/-/side-channel-1.1.0.tgz",
      "integrity": "sha512-ZX99e6tRweoUXqR+VBrslhda51Nh5MTQwou5tnUDgbtyM0dBgmhEDtWGP/xbKn6hqfPRHujUNwz5fy/wbbhnpw==",
      "license": "MIT",
      "dependencies": {
        "es-errors": "^1.3.0",
        "object-inspect": "^1.13.3",
        "side-channel-list": "^1.0.0",
        "side-channel-map": "^1.0.1",
        "side-channel-weakmap": "^1.0.2"
      },
      "engines": {
        "node": ">= 0.4"
      },
      "funding": {
        "url": "https://github.com/sponsors/ljharb"
      }
    },
    "node_modules/side-channel-list": {
      "version": "1.0.0",
      "resolved": "https://registry.npmjs.org/side-channel-list/-/side-channel-list-1.0.0.tgz",
      "integrity": "sha512-FCLHtRD/gnpCiCHEiJLOwdmFP+wzCmDEkc9y7NsYxeF4u7Btsn1ZuwgwJGxImImHicJArLP4R0yX4c2KCrMrTA==",
      "license": "MIT",
      "dependencies": {
        "es-errors": "^1.3.0",
        "object-inspect": "^1.13.3"
      },
      "engines": {
        "node": ">= 0.4"
      },
      "funding": {
        "url": "https://github.com/sponsors/ljharb"
      }
    },
    "node_modules/side-channel-map": {
      "version": "1.0.1",
      "resolved": "https://registry.npmjs.org/side-channel-map/-/side-channel-map-1.0.1.tgz",
      "integrity": "sha512-VCjCNfgMsby3tTdo02nbjtM/ewra6jPHmpThenkTYh8pG9ucZ/1P8So4u4FGBek/BjpOVsDCMoLA/iuBKIFXRA==",
      "license": "MIT",
      "dependencies": {
        "call-bound": "^1.0.2",
        "es-errors": "^1.3.0",
        "get-intrinsic": "^1.2.5",
        "object-inspect": "^1.13.3"
      },
      "engines": {
        "node": ">= 0.4"
      },
      "funding": {
        "url": "https://github.com/sponsors/ljharb"
      }
    },
    "node_modules/side-channel-weakmap": {
      "version": "1.0.2",
      "resolved": "https://registry.npmjs.org/side-channel-weakmap/-/side-channel-weakmap-1.0.2.tgz",
      "integrity": "sha512-WPS/HvHQTYnHisLo9McqBHOJk2FkHO/tlpvldyrnem4aeQp4hai3gythswg6p01oSoTl58rcpiFAjF2br2Ak2A==",
      "license": "MIT",
      "dependencies": {
        "call-bound": "^1.0.2",
        "es-errors": "^1.3.0",
        "get-intrinsic": "^1.2.5",
        "object-inspect": "^1.13.3",
        "side-channel-map": "^1.0.1"
      },
      "engines": {
        "node": ">= 0.4"
      },
      "funding": {
        "url": "https://github.com/sponsors/ljharb"
      }
    },
    "node_modules/twilio": {
      "version": "5.5.2",
      "resolved": "https://registry.npmjs.org/twilio/-/twilio-5.5.2.tgz",
      "integrity": "sha512-yrRh6immcL5xEVX7VmHsl3vU01x/fmqxf38kvxMrrtvEtAkYARYOPor9lt5T7964zC7l31k5sTrnLJmd2jjeOA==",
      "license": "MIT",
      "dependencies": {
        "axios": "^1.7.8",
        "dayjs": "^1.11.9",
        "https-proxy-agent": "^5.0.0",
        "jsonwebtoken": "^9.0.2",
        "qs": "^6.9.4",
        "scmp": "^2.1.0",
        "xmlbuilder": "^13.0.2"
      },
      "engines": {
        "node": ">=14.0"
      }
    },
    "node_modules/xmlbuilder": {
      "version": "13.0.2",
      "resolved": "https://registry.npmjs.org/xmlbuilder/-/xmlbuilder-13.0.2.tgz",
      "integrity": "sha512-Eux0i2QdDYKbdbA6AM6xE4m6ZTZr4G4xF9kahI2ukSEMCzwce2eX9WlTI5J3s+NU7hpasFsr8hWIONae7LluAQ==",
      "license": "MIT",
      "engines": {
        "node": ">=6.0"
      }
    }
  }
}
